hash: 980fc7c1821f69487dc2633c85e1b25cad270e86013e3b6f3a6f14ddb9ba3b0a
updated: 2017-08-28T13:28:27.954496082+08:00
imports:
- name: github.com/apex/go-apex
  version: 6e19883b04761c5930e32bf2f80e02ad0e3a1d4e
- name: github.com/aws/aws-sdk-go
  version: e63027ac6e05f6d4ae9f97ce0294d7468ca652da
  subpackages:
  - aws
- name: github.com/pkg/errors
  version: 645ef00459ed84a119197bfb8d8205042c6df63d
testImports: []
